
Microsoft Visual Studio Solution File, Format Version 12.00
# Visual Studio 15
VisualStudioVersion = 15.0.27703.2035
MinimumVisualStudioVersion = 10.0.40219.1
Project("{FAE04EC0-301F-11D3-BF4B-00C04F79EFBC}") = "AWSConverterController", "AWSConverterController\AWSConverterController.csproj", "{060D57CA-C07F-4459-98FC-043C63A0BD66}"
EndProject
Project("{FAE04EC0-301F-11D3-BF4B-00C04F79EFBC}") = "ControllerTest", "ControllerTest\ControllerTest.csproj", "{6F0A2553-BB6D-4E51-81C6-8442BC58C58A}"
EndProject
Global
	GlobalSection(SolutionConfigurationPlatforms) = preSolution
		Debug|Any CPU = Debug|Any CPU
		Release|Any CPU = Release|Any CPU
	EndGlobalSection
	GlobalSection(ProjectConfigurationPlatforms) = postSolution
		{060D57CA-C07F-4459-98FC-043C63A0BD66}.Debug|Any CPU.ActiveCfg = Debug|Any CPU
		{060D57CA-C07F-4459-98FC-043C63A0BD66}.Debug|Any CPU.Build.0 = Debug|Any CPU
		{060D57CA-C07F-4459-98FC-043C63A0BD66}.Release|Any CPU.ActiveCfg = Release|Any CPU
		{060D57CA-C07F-4459-98FC-043C63A0BD66}.Release|Any CPU.Build.0 = Release|Any CPU
		{6F0A2553-BB6D-4E51-81C6-8442BC58C58A}.Debug|Any CPU.ActiveCfg = Debug|Any CPU
		{6F0A2553-BB6D-4E51-81C6-8442BC58C58A}.Debug|Any CPU.Build.0 = Debug|Any CPU
		{6F0A2553-BB6D-4E51-81C6-8442BC58C58A}.Release|Any CPU.ActiveCfg = Release|Any CPU
		{6F0A2553-BB6D-4E51-81C6-8442BC58C58A}.Release|Any CPU.Build.0 = Release|Any CPU
	EndGlobalSection
	GlobalSection(SolutionProperties) = preSolution
		HideSolutionNode = FALSE
	EndGlobalSection
	GlobalSection(ExtensibilityGlobals) = postSolution
		SolutionGuid = {63D5491E-C838-4217-B42C-E6C106C60B34}
	EndGlobalSection
EndGlobal
